{
  "name": "applicant tracking system",
  "lockfileVersion": 3,
  "requires": true,
  "packages": {
    "": {
      "devDependencies": {
        "tw-animate-css": "^1.3.7"
      }
    },
    "node_modules/tw-animate-css": {
      "version": "1.3.7",
      "resolved": "https://registry.npmjs.org/tw-animate-css/-/tw-animate-css-1.3.7.tgz",
      "integrity": "sha512-lvLb3hTIpB5oGsk8JmLoAjeCHV58nKa2zHYn8yWOoG5JJusH3bhJlF2DLAZ/5NmJ+jyH3ssiAx/2KmbhavJy/A==",
      "dev": true,
      "license": "MIT",
      "funding": {
        "url": "https://github.com/sponsors/Wombosvideo"
      }
    }
  }
}
